
Microsoft Visual Studio Solution File, Format Version 12.00
# Visual Studio Version 16
VisualStudioVersion = 16.0.29009.5
MinimumVisualStudioVersion = 10.0.40219.1
Project("{FAE04EC0-301F-11D3-BF4B-00C04F79EFBC}") = "QADeltacon", "QADeltacon\QADeltacon.csproj", "{95179C22-214B-43CD-BDD2-5BB26622B34A}"
EndProject
Global
	GlobalSection(SolutionConfigurationPlatforms) = preSolution
		Debug|Any CPU = Debug|Any CPU
		Release|Any CPU = Release|Any CPU
	EndGlobalSection
	GlobalSection(ProjectConfigurationPlatforms) = postSolution
		{95179C22-214B-43CD-BDD2-5BB26622B34A}.Debug|Any CPU.ActiveCfg = Debug|Any CPU
		{95179C22-214B-43CD-BDD2-5BB26622B34A}.Debug|Any CPU.Build.0 = Debug|Any CPU
		{95179C22-214B-43CD-BDD2-5BB26622B34A}.Release|Any CPU.ActiveCfg = Release|Any CPU
		{95179C22-214B-43CD-BDD2-5BB26622B34A}.Release|Any CPU.Build.0 = Release|Any CPU
	EndGlobalSection
	GlobalSection(SolutionProperties) = preSolution
		HideSolutionNode = FALSE
	EndGlobalSection
	GlobalSection(ExtensibilityGlobals) = postSolution
		SolutionGuid = {6D5DD689-1284-48CF-A0EB-04BD473FB777}
	EndGlobalSection
EndGlobal
